// !$*UTF8*$!
{
	archiveVersion = 1;
	classes = {
	};
	objectVersion = 50;
	objects = {

/* Begin PBXBuildFile section */
		3E09E72927D6805700E6CCDE /* StoreKit.framework in Frameworks */ = {isa = PBXBuildFile; fileRef = 3E09E72827D6805700E6CCDE /* StoreKit.framework */; };
		3E09E72B27D680B400E6CCDE /* InAppsManager.swift in Sources */ = {isa = PBXBuildFile; fileRef = 3E09E72A27D680B400E6CCDE /* InAppsManager.swift */; };
		3E09EA2D27D6312100C11815 /* payMe.swift in Sources */ = {isa = PBXBuildFile; fileRef = 3E09EA2C27D6312100C11815 /* payMe.swift */; };
		3E09EA2F27D631F900C11815 /* whalePayers.swift in Sources */ = {isa = PBXBuildFile; fileRef = 3E09EA2E27D631F900C11815 /* whalePayers.swift */; };
		3E09EA3127D6353000C11815 /* MailMe.swift in Sources */ = {isa = PBXBuildFile; fileRef = 3E09EA3027D6353000C11815 /* MailMe.swift */; };
		3EDD90B025D2B2D100412D50 /* WorthlessApp.swift in Sources */ = {isa = PBXBuildFile; fileRef = 3EDD90AF25D2B2D100412D50 /* WorthlessApp.swift */; };
		3EDD90B225D2B2D100412D50 /* ContentView.swift in Sources */ = {isa = PBXBuildFile; fileRef = 3EDD90B125D2B2D100412D50 /* ContentView.swift */; };
		3EDD90B425D2B2D200412D50 /* Assets.xcassets in Resources */ = {isa = PBXBuildFile; fileRef = 3EDD90B325D2B2D200412D50 /* Assets.xcassets */; };
		3EDD90B725D2B2D200412D50 /* Preview Assets.xcassets in Resources */ = {isa = PBXBuildFile; fileRef = 3EDD90B625D2B2D200412D50 /* Preview Assets.xcassets */; };
/* End PBXBuildFile section */

/* Begin PBXFileReference section */
		3E09E72827D6805700E6CCDE /* StoreKit.framework */ = {isa = PBXFileReference; lastKnownFileType = wrapper.framework; name = StoreKit.framework; path = System/Library/Frameworks/StoreKit.framework; sourceTree = SDKROOT; };
		3E09E72A27D680B400E6CCDE /* InAppsManager.swift */ = {isa = PBXFileReference; lastKnownFileType = sourcecode.swift; path = InAppsManager.swift; sourceTree = "<group>"; };
		3E09EA2C27D6312100C11815 /* payMe.swift */ = {isa = PBXFileReference; lastKnownFileType = sourcecode.swift; path = payMe.swift; sourceTree = "<group>"; };
		3E09EA2E27D631F900C11815 /* whalePayers.swift */ = {isa = PBXFileReference; lastKnownFileType = sourcecode.swift; path = whalePayers.swift; sourceTree = "<group>"; tabWidth = 4; usesTabs = 0; };
		3E09EA3027D6353000C11815 /* MailMe.swift */ = {isa = PBXFileReference; lastKnownFileType = sourcecode.swift; path = MailMe.swift; sourceTree = "<group>"; };
		3EDD90AC25D2B2D100412D50 /* Worthless.app */ = {isa = PBXFileReference; explicitFileType = wrapper.application; includeInIndex = 0; path = Worthless.app; sourceTree = BUILT_PRODUCTS_DIR; };
		3EDD90AF25D2B2D100412D50 /* WorthlessApp.swift */ = {isa = PBXFileReference; lastKnownFileType = sourcecode.swift; path = WorthlessApp.swift; sourceTree = "<group>"; };
		3EDD90B125D2B2D100412D50 /* ContentView.swift */ = {isa = PBXFileReference; lastKnownFileType = sourcecode.swift; path = ContentView.swift; sourceTree = "<group>"; };
		3EDD90B325D2B2D200412D50 /* Assets.xcassets */ = {isa = PBXFileReference; lastKnownFileType = folder.assetcatalog; path = Assets.xcassets; sourceTree = "<group>"; };
		3EDD90B625D2B2D200412D50 /* Preview Assets.xcassets */ = {isa = PBXFileReference; lastKnownFileType = folder.assetcatalog; path = "Preview Assets.xcassets"; sourceTree = "<group>"; };
		3EDD90B825D2B2D200412D50 /* Info.plist */ = {isa = PBXFileReference; lastKnownFileType = text.plist.xml; path = Info.plist; sourceTree = "<group>"; };
/* End PBXFileReference section */

/* Begin PBXFrameworksBuildPhase section */
		3EDD90A925D2B2D100412D50 /* Frameworks */ = {
			isa = PBXFrameworksBuildPhase;
			buildActionMask = 2147483647;
			files = (
				3E09E72927D6805700E6CCDE /* StoreKit.framework in Frameworks */,
			);
			runOnlyForDeploymentPostprocessing = 0;
		};
/* End PBXFrameworksBuildPhase section */

/* Begin PBXGroup section */
		3E09E72727D6805700E6CCDE /* Frameworks */ = {
			isa = PBXGroup;
			children = (
				3E09E72827D6805700E6CCDE /* StoreKit.framework */,
			);
			name = Frameworks;
			sourceTree = "<group>";
		};
		3EDD90A325D2B2D100412D50 = {
			isa = PBXGroup;
			children = (
				3EDD90AE25D2B2D100412D50 /* Worthless */,
				3EDD90AD25D2B2D100412D50 /* Products */,
				3E09E72727D6805700E6CCDE /* Frameworks */,
			);
			sourceTree = "<group>";
		};
		3EDD90AD25D2B2D100412D50 /* Products */ = {
			isa = PBXGroup;
			children = (
				3EDD90AC25D2B2D100412D50 /* Worthless.app */,
			);
			name = Products;
			sourceTree = "<group>";
		};
		3EDD90AE25D2B2D100412D50 /* Worthless */ = {
			isa = PBXGroup;
			children = (
				3E09E72A27D680B400E6CCDE /* InAppsManager.swift */,
				3EDD90AF25D2B2D100412D50 /* WorthlessApp.swift */,
				3EDD90B125D2B2D100412D50 /* ContentView.swift */,
				3E09EA2C27D6312100C11815 /* payMe.swift */,
				3E09EA2E27D631F900C11815 /* whalePayers.swift */,
				3E09EA3027D6353000C11815 /* MailMe.swift */,
				3EDD90B325D2B2D200412D50 /* Assets.xcassets */,
				3EDD90B825D2B2D200412D50 /* Info.plist */,
				3EDD90B525D2B2D200412D50 /* Preview Content */,
			);
			path = Worthless;
			sourceTree = "<group>";
		};
		3EDD90B525D2B2D200412D50 /* Preview Content */ = {
			isa = PBXGroup;
			children = (
				3EDD90B625D2B2D200412D50 /* Preview Assets.xcassets */,
			);
			path = "Preview Content";
			sourceTree = "<group>";
		};
/* End PBXGroup section */

/* Begin PBXNativeTarget section */
		3EDD90AB25D2B2D100412D50 /* Worthless */ = {
			isa = PBXNativeTarget;
			buildConfigurationList = 3EDD90BB25D2B2D200412D50 /* Build configuration list for PBXNativeTarget "Worthless" */;
			buildPhases = (
				3EDD90A825D2B2D100412D50 /* Sources */,
				3EDD90A925D2B2D100412D50 /* Frameworks */,
				3EDD90AA25D2B2D100412D50 /* Resources */,
			);
			buildRules = (
			);
			dependencies = (
			);
			name = Worthless;
			productName = Worthless;
			productReference = 3EDD90AC25D2B2D100412D50 /* Worthless.app */;
			productType = "com.apple.product-type.application";
		};
/* End PBXNativeTarget section */

/* Begin PBXProject section */
		3EDD90A425D2B2D100412D50 /* Project object */ = {
			isa = PBXProject;
			attributes = {
				LastSwiftUpdateCheck = 1240;
				LastUpgradeCheck = 1240;
				TargetAttributes = {
					3EDD90AB25D2B2D100412D50 = {
						CreatedOnToolsVersion = 12.4;
					};
				};
			};
			buildConfigurationList = 3EDD90A725D2B2D100412D50 /* Build configuration list for PBXProject "Worthless" */;
			compatibilityVersion = "Xcode 9.3";
			developmentRegion = en;
			hasScannedForEncodings = 0;
			knownRegions = (
				en,
				Base,
			);
			mainGroup = 3EDD90A325D2B2D100412D50;
			productRefGroup = 3EDD90AD25D2B2D100412D50 /* Products */;
			projectDirPath = "";
			projectRoot = "";
			targets = (
				3EDD90AB25D2B2D100412D50 /* Worthless */,
			);
		};
/* End PBXProject section */

/* Begin PBXResourcesBuildPhase section */
		3EDD90AA25D2B2D100412D50 /* Resources */ = {
			isa = PBXResourcesBuildPhase;
			buildActionMask = 2147483647;
			files = (
				3EDD90B725D2B2D200412D50 /* Preview Assets.xcassets in Resources */,
				3EDD90B425D2B2D200412D50 /* Assets.xcassets in Resources */,
			);
			runOnlyForDeploymentPostprocessing = 0;
		};
/* End PBXResourcesBuildPhase section */

/* Begin PBXSourcesBuildPhase section */
		3EDD90A825D2B2D100412D50 /* Sources */ = {
			isa = PBXSourcesBuildPhase;
			buildActionMask = 2147483647;
			files = (
				3E09EA2D27D6312100C11815 /* payMe.swift in Sources */,
				3E09EA3127D6353000C11815 /* MailMe.swift in Sources */,
				3E09E72B27D680B400E6CCDE /* InAppsManager.swift in Sources */,
				3E09EA2F27D631F900C11815 /* whalePayers.swift in Sources */,
				3EDD90B225D2B2D100412D50 /* ContentView.swift in Sources */,
				3EDD90B025D2B2D100412D50 /* WorthlessApp.swift in Sources */,
			);
			runOnlyForDeploymentPostprocessing = 0;
		};
/* End PBXSourcesBuildPhase section */

/* Begin XCBuildConfiguration section */
		3EDD90B925D2B2D200412D50 /* Debug */ = {
			isa = XCBuildConfiguration;
			buildSettings = {
				ALWAYS_SEARCH_USER_PATHS = NO;
				CLANG_ANALYZER_NONNULL = YES;
				CLANG_ANALYZER_NUMBER_OBJECT_CONVERSION = YES_AGGRESSIVE;
				CLANG_CXX_LANGUAGE_STANDARD = "gnu++14";
				CLANG_CXX_LIBRARY = "libc++";
				CLANG_ENABLE_MODULES = YES;
				CLANG_ENABLE_OBJC_ARC = YES;
				CLANG_ENABLE_OBJC_WEAK = YES;
				CLANG_WARN_BLOCK_CAPTURE_AUTORELEASING = YES;
				CLANG_WARN_BOOL_CONVERSION = YES;
				CLANG_WARN_COMMA = YES;
				CLANG_WARN_CONSTANT_CONVERSION = YES;
				CLANG_WARN_DEPRECATED_OBJC_IMPLEMENTATIONS = YES;
				CLANG_WARN_DIRECT_OBJC_ISA_USAGE = YES_ERROR;
				CLANG_WARN_DOCUMENTATION_COMMENTS = YES;
				CLANG_WARN_EMPTY_BODY = YES;
				CLANG_WARN_ENUM_CONVERSION = YES;
				CLANG_WARN_INFINITE_RECURSION = YES;
				CLANG_WARN_INT_CONVERSION = YES;
				CLANG_WARN_NON_LITERAL_NULL_CONVERSION = YES;
				CLANG_WARN_OBJC_IMPLICIT_RETAIN_SELF = YES;
				CLANG_WARN_OBJC_LITERAL_CONVERSION = YES;
				CLANG_WARN_OBJC_ROOT_CLASS = YES_ERROR;
				CLANG_WARN_QUOTED_INCLUDE_IN_FRAMEWORK_HEADER = YES;
				CLANG_WARN_RANGE_LOOP_ANALYSIS = YES;
				CLANG_WARN_STRICT_PROTOTYPES = YES;
				CLANG_WARN_SUSPICIOUS_MOVE = YES;
				CLANG_WARN_UNGUARDED_AVAILABILITY = YES_AGGRESSIVE;
				CLANG_WARN_UNREACHABLE_CODE = YES;
				CLANG_WARN__DUPLICATE_METHOD_MATCH = YES;
				COPY_PHASE_STRIP = NO;
				DEBUG_INFORMATION_FORMAT = dwarf;
				ENABLE_STRICT_OBJC_MSGSEND = YES;
				ENABLE_TESTABILITY = YES;
				GCC_C_LANGUAGE_STANDARD = gnu11;
				GCC_DYNAMIC_NO_PIC = NO;
				GCC_NO_COMMON_BLOCKS = YES;
				GCC_OPTIMIZATION_LEVEL = 0;
				GCC_PREPROCESSOR_DEFINITIONS = (
					"DEBUG=1",
					"$(inherited)",
				);
				GCC_WARN_64_TO_32_BIT_CONVERSION = YES;
				GCC_WARN_ABOUT_RETURN_TYPE = YES_ERROR;
				GCC_WARN_UNDECLARED_SELECTOR = YES;
				GCC_WARN_UNINITIALIZED_AUTOS = YES_AGGRESSIVE;
				GCC_WARN_UNUSED_FUNCTION = YES;
				GCC_WARN_UNUSED_VARIABLE = YES;
				IPHONEOS_DEPLOYMENT_TARGET = 13.0;
				MTL_ENABLE_DEBUG_INFO = INCLUDE_SOURCE;
				MTL_FAST_MATH = YES;
				ONLY_ACTIVE_ARCH = YES;
				SDKROOT = iphoneos;
				SWIFT_ACTIVE_COMPILATION_CONDITIONS = DEBUG;
				SWIFT_OPTIMIZATION_LEVEL = "-Onone";
			};
			name = Debug;
		};
		3EDD90BA25D2B2D200412D50 /* Release */ = {
			isa = XCBuildConfiguration;
			buildSettings = {
				ALWAYS_SEARCH_USER_PATHS = NO;
				CLANG_ANALYZER_NONNULL = YES;
				CLANG_ANALYZER_NUMBER_OBJECT_CONVERSION = YES_AGGRESSIVE;
				CLANG_CXX_LANGUAGE_STANDARD = "gnu++14";
				CLANG_CXX_LIBRARY = "libc++";
				CLANG_ENABLE_MODULES = YES;
				CLANG_ENABLE_OBJC_ARC = YES;
				CLANG_ENABLE_OBJC_WEAK = YES;
				CLANG_WARN_BLOCK_CAPTURE_AUTORELEASING = YES;
				CLANG_WARN_BOOL_CONVERSION = YES;
				CLANG_WARN_COMMA = YES;
				CLANG_WARN_CONSTANT_CONVERSION = YES;
				CLANG_WARN_DEPRECATED_OBJC_IMPLEMENTATIONS = YES;
				CLANG_WARN_DIRECT_OBJC_ISA_USAGE = YES_ERROR;
				CLANG_WARN_DOCUMENTATION_COMMENTS = YES;
				CLANG_WARN_EMPTY_BODY = YES;
				CLANG_WARN_ENUM_CONVERSION = YES;
				CLANG_WARN_INFINITE_RECURSION = YES;
				CLANG_WARN_INT_CONVERSION = YES;
				CLANG_WARN_NON_LITERAL_NULL_CONVERSION = YES;
				CLANG_WARN_OBJC_IMPLICIT_RETAIN_SELF = YES;
				CLANG_WARN_OBJC_LITERAL_CONVERSION = YES;
				CLANG_WARN_OBJC_ROOT_CLASS = YES_ERROR;
				CLANG_WARN_QUOTED_INCLUDE_IN_FRAMEWORK_HEADER = YES;
				CLANG_WARN_RANGE_LOOP_ANALYSIS = YES;
				CLANG_WARN_STRICT_PROTOTYPES = YES;
				CLANG_WARN_SUSPICIOUS_MOVE = YES;
				CLANG_WARN_UNGUARDED_AVAILABILITY = YES_AGGRESSIVE;
				CLANG_WARN_UNREACHABLE_CODE = YES;
				CLANG_WARN__DUPLICATE_METHOD_MATCH = YES;
				COPY_PHASE_STRIP = NO;
				DEBUG_INFORMATION_FORMAT = "dwarf-with-dsym";
				ENABLE_NS_ASSERTIONS = NO;
				ENABLE_STRICT_OBJC_MSGSEND = YES;
				GCC_C_LANGUAGE_STANDARD = gnu11;
				GCC_NO_COMMON_BLOCKS = YES;
				GCC_WARN_64_TO_32_BIT_CONVERSION = YES;
				GCC_WARN_ABOUT_RETURN_TYPE = YES_ERROR;
				GCC_WARN_UNDECLARED_SELECTOR = YES;
				GCC_WARN_UNINITIALIZED_AUTOS = YES_AGGRESSIVE;
				GCC_WARN_UNUSED_FUNCTION = YES;
				GCC_WARN_UNUSED_VARIABLE = YES;
				IPHONEOS_DEPLOYMENT_TARGET = 13.0;
				MTL_ENABLE_DEBUG_INFO = NO;
				MTL_FAST_MATH = YES;
				SDKROOT = iphoneos;
				SWIFT_COMPILATION_MODE = wholemodule;
				SWIFT_OPTIMIZATION_LEVEL = "-O";
				VALIDATE_PRODUCT = YES;
			};
			name = Release;
		};
		3EDD90BC25D2B2D200412D50 /* Debug */ = {
			isa = XCBuildConfiguration;
			buildSettings = {
				ASSETCATALOG_COMPILER_APPICON_NAME = AppIcon;
				ASSETCATALOG_COMPILER_GLOBAL_ACCENT_COLOR_NAME = AccentColor;
				CODE_SIGN_IDENTITY = "Apple Development";
				CODE_SIGN_STYLE = Automatic;
				DEVELOPMENT_ASSET_PATHS = "\"Worthless/Preview Content\"";
				DEVELOPMENT_TEAM = 7WCF5726LU;
				ENABLE_PREVIEWS = YES;
				INFOPLIST_FILE = Worthless/Info.plist;
				IPHONEOS_DEPLOYMENT_TARGET = 14.0;
				LD_RUNPATH_SEARCH_PATHS = (
					"$(inherited)",
					"@executable_path/Frameworks",
				);
				PRODUCT_BUNDLE_IDENTIFIER = yauheni.info.Worthless;
				PRODUCT_NAME = "$(TARGET_NAME)";
				PROVISIONING_PROFILE_SPECIFIER = "";
				SWIFT_VERSION = 5.0;
				TARGETED_DEVICE_FAMILY = "1,2";
			};
			name = Debug;
		};
		3EDD90BD25D2B2D200412D50 /* Release */ = {
			isa = XCBuildConfiguration;
			buildSettings = {
				ASSETCATALOG_COMPILER_APPICON_NAME = AppIcon;
				ASSETCATALOG_COMPILER_GLOBAL_ACCENT_COLOR_NAME = AccentColor;
				CODE_SIGN_IDENTITY = "Apple Development";
				CODE_SIGN_STYLE = Automatic;
				DEVELOPMENT_ASSET_PATHS = "\"Worthless/Preview Content\"";
				DEVELOPMENT_TEAM = 7WCF5726LU;
				ENABLE_PREVIEWS = YES;
				INFOPLIST_FILE = Worthless/Info.plist;
				IPHONEOS_DEPLOYMENT_TARGET = 14.0;
				LD_RUNPATH_SEARCH_PATHS = (
					"$(inherited)",
					"@executable_path/Frameworks",
				);
				PRODUCT_BUNDLE_IDENTIFIER = yauheni.info.Worthless;
				PRODUCT_NAME = "$(TARGET_NAME)";
				PROVISIONING_PROFILE_SPECIFIER = "";
				SWIFT_VERSION = 5.0;
				TARGETED_DEVICE_FAMILY = "1,2";
			};
			name = Release;
		};
/* End XCBuildConfiguration section */

/* Begin XCConfigurationList section */
		3EDD90A725D2B2D100412D50 /* Build configuration list for PBXProject "Worthless" */ = {
			isa = XCConfigurationList;
			buildConfigurations = (
				3EDD90B925D2B2D200412D50 /* Debug */,
				3EDD90BA25D2B2D200412D50 /* Release */,
			);
			defaultConfigurationIsVisible = 0;
			defaultConfigurationName = Release;
		};
		3EDD90BB25D2B2D200412D50 /* Build configuration list for PBXNativeTarget "Worthless" */ = {
			isa = XCConfigurationList;
			buildConfigurations = (
				3EDD90BC25D2B2D200412D50 /* Debug */,
				3EDD90BD25D2B2D200412D50 /* Release */,
			);
			defaultConfigurationIsVisible = 0;
			defaultConfigurationName = Release;
		};
/* End XCConfigurationList section */
	};
	rootObject = 3EDD90A425D2B2D100412D50 /* Project object */;
}
